
Microsoft Visual Studio Solution File, Format Version 12.00
# Visual Studio Version 16
VisualStudioVersion = 16.0.30804.86
MinimumVisualStudioVersion = 10.0.40219.1
Project("{FAE04EC0-301F-11D3-BF4B-00C04F79EFBC}") = "Test_ELVA_WinForms", "Test_ELVA_WinForms\Test_ELVA_WinForms.csproj", "{599C3780-08A2-4D18-85C6-7867B2A3B38F}"
EndProject
Global
	GlobalSection(SolutionConfigurationPlatforms) = preSolution
		Debug|Any CPU = Debug|Any CPU
		Release|Any CPU = Release|Any CPU
	EndGlobalSection
	GlobalSection(ProjectConfigurationPlatforms) = postSolution
		{599C3780-08A2-4D18-85C6-7867B2A3B38F}.Debug|Any CPU.ActiveCfg = Debug|Any CPU
		{599C3780-08A2-4D18-85C6-7867B2A3B38F}.Debug|Any CPU.Build.0 = Debug|Any CPU
		{599C3780-08A2-4D18-85C6-7867B2A3B38F}.Release|Any CPU.ActiveCfg = Release|Any CPU
		{599C3780-08A2-4D18-85C6-7867B2A3B38F}.Release|Any CPU.Build.0 = Release|Any CPU
	EndGlobalSection
	GlobalSection(SolutionProperties) = preSolution
		HideSolutionNode = FALSE
	EndGlobalSection
	GlobalSection(ExtensibilityGlobals) = postSolution
		SolutionGuid = {D5858AFA-A40B-4C4C-9CE8-81A1FA142762}
	EndGlobalSection
EndGlobal
